
Microsoft Visual Studio Solution File, Format Version 12.00
# Visual Studio Version 17
VisualStudioVersion = 17.4.33213.308
MinimumVisualStudioVersion = 10.0.40219.1
Project("{2150E333-8FDC-42A3-9474-1A3956D46DE8}") = "ShopManagment", "ShopManagment", "{47DD6144-C298-4A63-949E-6AE036E4E84F}"
EndProject
Project("{2150E333-8FDC-42A3-9474-1A3956D46DE8}") = "SM.Domains", "SM.Domains", "{BD31E6C9-64A4-40FB-9628-D529979AA61A}"
EndProject
Project("{9A19103F-16F7-4668-BE54-9A1E7A4F7556}") = "ShopManagment.Domains", "ShopManagment.Domains\ShopManagment.Domains.csproj", "{9DA171CC-FE21-4867-8CE7-DE2618A6993D}"
EndProject
Project("{2150E333-8FDC-42A3-9474-1A3956D46DE8}") = "Framework", "Framework", "{FBE75CAB-9922-4F12-B546-A7271C1516F9}"
EndProject
Project("{9A19103F-16F7-4668-BE54-9A1E7A4F7556}") = "Framework", "Framework\Framework.csproj", "{848500A9-989B-46E2-8E6E-38379A5E953B}"
EndProject
Project("{2150E333-8FDC-42A3-9474-1A3956D46DE8}") = "SM.Application", "SM.Application", "{C0E4F935-407D-40EF-A682-ECA62C9184EE}"
EndProject
Project("{9A19103F-16F7-4668-BE54-9A1E7A4F7556}") = "ShopManagment.Application.Contracts", "ShopManagment.Application.Contracts\ShopManagment.Application.Contracts.csproj", "{E96DE45C-FAE6-42B3-A11C-57BEEC30EFB3}"
EndProject
Project("{9A19103F-16F7-4668-BE54-9A1E7A4F7556}") = "ShopManagment.Application", "ShopManagment.Application\ShopManagment.Application.csproj", "{66FA71CE-B513-4A80-8188-3E306B9E497C}"
EndProject
Project("{2150E333-8FDC-42A3-9474-1A3956D46DE8}") = "SM.Infrastructure", "SM.Infrastructure", "{5DE5F150-7B67-488F-9575-1AABD0A26550}"
EndProject
Project("{9A19103F-16F7-4668-BE54-9A1E7A4F7556}") = "ShopManagment.Infrastructure.EFCore", "ShopManagment.Infrastructure.EFCore\ShopManagment.Infrastructure.EFCore.csproj", "{AAC85E62-484A-4557-921C-73BA254DB278}"
EndProject
Project("{9A19103F-16F7-4668-BE54-9A1E7A4F7556}") = "ShopManagment.Configuration", "ShopManagment.Configuration\ShopManagment.Configuration.csproj", "{F5F63E43-6230-488B-A5C5-DE07F85D4062}"
EndProject
Project("{2150E333-8FDC-42A3-9474-1A3956D46DE8}") = "Endpoint", "Endpoint", "{0433EC57-51A4-4948-BE95-BDDDEFC586BF}"
EndProject
Project("{9A19103F-16F7-4668-BE54-9A1E7A4F7556}") = "BestShop.Host", "BestShop.Host\BestShop.Host.csproj", "{ED990CB2-7E12-4EDC-B5F1-5E659473054C}"
EndProject
Project("{2150E333-8FDC-42A3-9474-1A3956D46DE8}") = "SliderManagment", "SliderManagment", "{E3C72DDE-F0EB-47CA-9FBB-0D2743F1C254}"
EndProject
Project("{2150E333-8FDC-42A3-9474-1A3956D46DE8}") = "SLM.Application", "SLM.Application", "{674E9667-1334-43F9-8EAE-EE908DD3CF14}"
EndProject
Project("{2150E333-8FDC-42A3-9474-1A3956D46DE8}") = "SLM.Domains", "SLM.Domains", "{1064E9B9-B990-4FBD-A7E7-2489B590F23D}"
EndProject
Project("{2150E333-8FDC-42A3-9474-1A3956D46DE8}") = "SLM.Infrastructure", "SLM.Infrastructure", "{7318FA4B-4B77-440A-9653-86A88437F492}"
EndProject
Project("{9A19103F-16F7-4668-BE54-9A1E7A4F7556}") = "SliderMangment.Application.Contracts", "SliderMangment.Application.Contract\SliderMangment.Application.Contracts.csproj", "{5BE9DE30-87FA-4EF3-9564-E90C98523971}"
EndProject
Project("{9A19103F-16F7-4668-BE54-9A1E7A4F7556}") = "SliderManagment.Application", "SliderManagment.Application\SliderManagment.Application.csproj", "{EC753258-4037-43BA-A5A1-B673597F8BBF}"
EndProject
Project("{9A19103F-16F7-4668-BE54-9A1E7A4F7556}") = "SliderManagment.Domains", "SliderManagment.Domains\SliderManagment.Domains.csproj", "{CA357376-1310-4296-84A3-52A8D85721AD}"
EndProject
Project("{9A19103F-16F7-4668-BE54-9A1E7A4F7556}") = "SliderManagment.Infrastructure.EFCore", "SliderManagment.Infrastructure.EFCore\SliderManagment.Infrastructure.EFCore.csproj", "{BF13BFF7-A0C3-416F-8ECF-8FF742F6EAB3}"
EndProject
Project("{9A19103F-16F7-4668-BE54-9A1E7A4F7556}") = "SliderManagment.Configuration", "SliderManagment.Configuration\SliderManagment.Configuration.csproj", "{9C7A638D-FDE0-412E-9F88-24B123628F2F}"
EndProject
Project("{2150E333-8FDC-42A3-9474-1A3956D46DE8}") = "Queries", "Queries", "{5DF9CB16-AFE2-4A11-A064-4403548A2C17}"
EndProject
Project("{9A19103F-16F7-4668-BE54-9A1E7A4F7556}") = "BestShop.Query", "BestShop.Query\BestShop.Query.csproj", "{95E77A7D-50B3-405F-81CA-14601F157608}"
EndProject
Project("{2150E333-8FDC-42A3-9474-1A3956D46DE8}") = "DiscountManagment", "DiscountManagment", "{A239A0E1-BA5F-4188-A341-95E4B861C75A}"
EndProject
Project("{2150E333-8FDC-42A3-9474-1A3956D46DE8}") = "DM.Infrastructure", "DM.Infrastructure", "{52CCBD4F-6C82-4210-AF5B-DE17FF3C053C}"
EndProject
Project("{2150E333-8FDC-42A3-9474-1A3956D46DE8}") = "DM.Domains", "DM.Domains", "{E33DCFE1-3285-4CB8-AC54-5AE3AF53A4A2}"
EndProject
Project("{2150E333-8FDC-42A3-9474-1A3956D46DE8}") = "DM.Application", "DM.Application", "{1C6708A6-ABB6-4D09-A0FD-523F53AE5312}"
EndProject
Project("{9A19103F-16F7-4668-BE54-9A1E7A4F7556}") = "DiscountManagment.Application.Contracts", "DiscountManagment.Application.Contracts\DiscountManagment.Application.Contracts.csproj", "{72895257-ED22-49F3-BB16-01248C551E31}"
EndProject
Project("{9A19103F-16F7-4668-BE54-9A1E7A4F7556}") = "DiscountManagment.Application", "DiscountManagment.Application\DiscountManagment.Application.csproj", "{4601683C-328F-4928-80AE-0EB7ECE8B335}"
EndProject
Project("{9A19103F-16F7-4668-BE54-9A1E7A4F7556}") = "DiscountManagment.Domains", "DiscountManagment.Domains\DiscountManagment.Domains.csproj", "{89D22FDE-B659-451E-9D0B-93F87B604728}"
EndProject
Project("{9A19103F-16F7-4668-BE54-9A1E7A4F7556}") = "DiscountManagment.Configuration", "DiscountManagment.Configuration\DiscountManagment.Configuration.csproj", "{43AD920C-A00C-4636-B94A-6429019689E7}"
EndProject
Project("{9A19103F-16F7-4668-BE54-9A1E7A4F7556}") = "DiscountManagment.Infrastructure.EFCore", "DiscountManagment.Infrastructure.EFCore\DiscountManagment.Infrastructure.EFCore.csproj", "{B93C74C2-6A70-4812-B9F4-D91436A0F151}"
EndProject
Project("{2150E333-8FDC-42A3-9474-1A3956D46DE8}") = "InventoryManagement", "InventoryManagement", "{4D862128-AB10-425F-8495-0C7CB1B355F4}"
EndProject
Project("{2150E333-8FDC-42A3-9474-1A3956D46DE8}") = "IM.Application", "IM.Application", "{9C3EFD4C-32A3-475A-B82A-46EA2747CDDA}"
EndProject
Project("{2150E333-8FDC-42A3-9474-1A3956D46DE8}") = "IM.Domains", "IM.Domains", "{B830B597-9C6F-4C3B-8BB3-0A5AA95A3C78}"
EndProject
Project("{2150E333-8FDC-42A3-9474-1A3956D46DE8}") = "IM.Infrastructure", "IM.Infrastructure", "{FAB9D007-E47B-4485-A8AC-D73A033E78BF}"
EndProject
Project("{FAE04EC0-301F-11D3-BF4B-00C04F79EFBC}") = "InventoryManagment.Infrastructure.EFCore", "InventoryManagment.Infrastructure.EFCore\InventoryManagment.Infrastructure.EFCore.csproj", "{4FE668C0-4AAF-475D-8493-547C79A4F44A}"
EndProject
Project("{FAE04EC0-301F-11D3-BF4B-00C04F79EFBC}") = "InventoryManagment.Configuration", "InventoryManagment.Configuration\InventoryManagment.Configuration.csproj", "{CA4BDA0B-5655-4528-8455-8AA343C10A53}"
EndProject
Project("{FAE04EC0-301F-11D3-BF4B-00C04F79EFBC}") = "InventoryManagment.Domains", "InventoryManagment.Domains\InventoryManagment.Domains.csproj", "{CB15F668-AE03-486B-B97A-C4F3A879C220}"
EndProject
Project("{FAE04EC0-301F-11D3-BF4B-00C04F79EFBC}") = "InventoryManagment.Application.Contracts", "InventoryManagment.Application.Contracts\InventoryManagment.Application.Contracts.csproj", "{908CF854-B078-42D4-A32D-AA1D72ED16C6}"
EndProject
Project("{FAE04EC0-301F-11D3-BF4B-00C04F79EFBC}") = "InventoryManagment.Application", "InventoryManagment.Application\InventoryManagment.Application.csproj", "{0153BA50-EE97-47B7-9344-D93FBEF4483B}"
EndProject
Global
	GlobalSection(SolutionConfigurationPlatforms) = preSolution
		Debug|Any CPU = Debug|Any CPU
		Release|Any CPU = Release|Any CPU
	EndGlobalSection
	GlobalSection(ProjectConfigurationPlatforms) = postSolution
		{9DA171CC-FE21-4867-8CE7-DE2618A6993D}.Debug|Any CPU.ActiveCfg = Debug|Any CPU
		{9DA171CC-FE21-4867-8CE7-DE2618A6993D}.Debug|Any CPU.Build.0 = Debug|Any CPU
		{9DA171CC-FE21-4867-8CE7-DE2618A6993D}.Release|Any CPU.ActiveCfg = Release|Any CPU
		{9DA171CC-FE21-4867-8CE7-DE2618A6993D}.Release|Any CPU.Build.0 = Release|Any CPU
		{848500A9-989B-46E2-8E6E-38379A5E953B}.Debug|Any CPU.ActiveCfg = Debug|Any CPU
		{848500A9-989B-46E2-8E6E-38379A5E953B}.Debug|Any CPU.Build.0 = Debug|Any CPU
		{848500A9-989B-46E2-8E6E-38379A5E953B}.Release|Any CPU.ActiveCfg = Release|Any CPU
		{848500A9-989B-46E2-8E6E-38379A5E953B}.Release|Any CPU.Build.0 = Release|Any CPU
		{E96DE45C-FAE6-42B3-A11C-57BEEC30EFB3}.Debug|Any CPU.ActiveCfg = Debug|Any CPU
		{E96DE45C-FAE6-42B3-A11C-57BEEC30EFB3}.Debug|Any CPU.Build.0 = Debug|Any CPU
		{E96DE45C-FAE6-42B3-A11C-57BEEC30EFB3}.Release|Any CPU.ActiveCfg = Release|Any CPU
		{E96DE45C-FAE6-42B3-A11C-57BEEC30EFB3}.Release|Any CPU.Build.0 = Release|Any CPU
		{66FA71CE-B513-4A80-8188-3E306B9E497C}.Debug|Any CPU.ActiveCfg = Debug|Any CPU
		{66FA71CE-B513-4A80-8188-3E306B9E497C}.Debug|Any CPU.Build.0 = Debug|Any CPU
		{66FA71CE-B513-4A80-8188-3E306B9E497C}.Release|Any CPU.ActiveCfg = Release|Any CPU
		{66FA71CE-B513-4A80-8188-3E306B9E497C}.Release|Any CPU.Build.0 = Release|Any CPU
		{AAC85E62-484A-4557-921C-73BA254DB278}.Debug|Any CPU.ActiveCfg = Debug|Any CPU
		{AAC85E62-484A-4557-921C-73BA254DB278}.Debug|Any CPU.Build.0 = Debug|Any CPU
		{AAC85E62-484A-4557-921C-73BA254DB278}.Release|Any CPU.ActiveCfg = Release|Any CPU
		{AAC85E62-484A-4557-921C-73BA254DB278}.Release|Any CPU.Build.0 = Release|Any CPU
		{F5F63E43-6230-488B-A5C5-DE07F85D4062}.Debug|Any CPU.ActiveCfg = Debug|Any CPU
		{F5F63E43-6230-488B-A5C5-DE07F85D4062}.Debug|Any CPU.Build.0 = Debug|Any CPU
		{F5F63E43-6230-488B-A5C5-DE07F85D4062}.Release|Any CPU.ActiveCfg = Release|Any CPU
		{F5F63E43-6230-488B-A5C5-DE07F85D4062}.Release|Any CPU.Build.0 = Release|Any CPU
		{ED990CB2-7E12-4EDC-B5F1-5E659473054C}.Debug|Any CPU.ActiveCfg = Debug|Any CPU
		{ED990CB2-7E12-4EDC-B5F1-5E659473054C}.Debug|Any CPU.Build.0 = Debug|Any CPU
		{ED990CB2-7E12-4EDC-B5F1-5E659473054C}.Release|Any CPU.ActiveCfg = Release|Any CPU
		{ED990CB2-7E12-4EDC-B5F1-5E659473054C}.Release|Any CPU.Build.0 = Release|Any CPU
		{5BE9DE30-87FA-4EF3-9564-E90C98523971}.Debug|Any CPU.ActiveCfg = Debug|Any CPU
		{5BE9DE30-87FA-4EF3-9564-E90C98523971}.Debug|Any CPU.Build.0 = Debug|Any CPU
		{5BE9DE30-87FA-4EF3-9564-E90C98523971}.Release|Any CPU.ActiveCfg = Release|Any CPU
		{5BE9DE30-87FA-4EF3-9564-E90C98523971}.Release|Any CPU.Build.0 = Release|Any CPU
		{EC753258-4037-43BA-A5A1-B673597F8BBF}.Debug|Any CPU.ActiveCfg = Debug|Any CPU
		{EC753258-4037-43BA-A5A1-B673597F8BBF}.Debug|Any CPU.Build.0 = Debug|Any CPU
		{EC753258-4037-43BA-A5A1-B673597F8BBF}.Release|Any CPU.ActiveCfg = Release|Any CPU
		{EC753258-4037-43BA-A5A1-B673597F8BBF}.Release|Any CPU.Build.0 = Release|Any CPU
		{CA357376-1310-4296-84A3-52A8D85721AD}.Debug|Any CPU.ActiveCfg = Debug|Any CPU
		{CA357376-1310-4296-84A3-52A8D85721AD}.Debug|Any CPU.Build.0 = Debug|Any CPU
		{CA357376-1310-4296-84A3-52A8D85721AD}.Release|Any CPU.ActiveCfg = Release|Any CPU
		{CA357376-1310-4296-84A3-52A8D85721AD}.Release|Any CPU.Build.0 = Release|Any CPU
		{BF13BFF7-A0C3-416F-8ECF-8FF742F6EAB3}.Debug|Any CPU.ActiveCfg = Debug|Any CPU
		{BF13BFF7-A0C3-416F-8ECF-8FF742F6EAB3}.Debug|Any CPU.Build.0 = Debug|Any CPU
		{BF13BFF7-A0C3-416F-8ECF-8FF742F6EAB3}.Release|Any CPU.ActiveCfg = Release|Any CPU
		{BF13BFF7-A0C3-416F-8ECF-8FF742F6EAB3}.Release|Any CPU.Build.0 = Release|Any CPU
		{9C7A638D-FDE0-412E-9F88-24B123628F2F}.Debug|Any CPU.ActiveCfg = Debug|Any CPU
		{9C7A638D-FDE0-412E-9F88-24B123628F2F}.Debug|Any CPU.Build.0 = Debug|Any CPU
		{9C7A638D-FDE0-412E-9F88-24B123628F2F}.Release|Any CPU.ActiveCfg = Release|Any CPU
		{9C7A638D-FDE0-412E-9F88-24B123628F2F}.Release|Any CPU.Build.0 = Release|Any CPU
		{95E77A7D-50B3-405F-81CA-14601F157608}.Debug|Any CPU.ActiveCfg = Debug|Any CPU
		{95E77A7D-50B3-405F-81CA-14601F157608}.Debug|Any CPU.Build.0 = Debug|Any CPU
		{95E77A7D-50B3-405F-81CA-14601F157608}.Release|Any CPU.ActiveCfg = Release|Any CPU
		{95E77A7D-50B3-405F-81CA-14601F157608}.Release|Any CPU.Build.0 = Release|Any CPU
		{72895257-ED22-49F3-BB16-01248C551E31}.Debug|Any CPU.ActiveCfg = Debug|Any CPU
		{72895257-ED22-49F3-BB16-01248C551E31}.Debug|Any CPU.Build.0 = Debug|Any CPU
		{72895257-ED22-49F3-BB16-01248C551E31}.Release|Any CPU.ActiveCfg = Release|Any CPU
		{72895257-ED22-49F3-BB16-01248C551E31}.Release|Any CPU.Build.0 = Release|Any CPU
		{4601683C-328F-4928-80AE-0EB7ECE8B335}.Debug|Any CPU.ActiveCfg = Debug|Any CPU
		{4601683C-328F-4928-80AE-0EB7ECE8B335}.Debug|Any CPU.Build.0 = Debug|Any CPU
		{4601683C-328F-4928-80AE-0EB7ECE8B335}.Release|Any CPU.ActiveCfg = Release|Any CPU
		{4601683C-328F-4928-80AE-0EB7ECE8B335}.Release|Any CPU.Build.0 = Release|Any CPU
		{89D22FDE-B659-451E-9D0B-93F87B604728}.Debug|Any CPU.ActiveCfg = Debug|Any CPU
		{89D22FDE-B659-451E-9D0B-93F87B604728}.Debug|Any CPU.Build.0 = Debug|Any CPU
		{89D22FDE-B659-451E-9D0B-93F87B604728}.Release|Any CPU.ActiveCfg = Release|Any CPU
		{89D22FDE-B659-451E-9D0B-93F87B604728}.Release|Any CPU.Build.0 = Release|Any CPU
		{43AD920C-A00C-4636-B94A-6429019689E7}.Debug|Any CPU.ActiveCfg = Debug|Any CPU
		{43AD920C-A00C-4636-B94A-6429019689E7}.Debug|Any CPU.Build.0 = Debug|Any CPU
		{43AD920C-A00C-4636-B94A-6429019689E7}.Release|Any CPU.ActiveCfg = Release|Any CPU
		{43AD920C-A00C-4636-B94A-6429019689E7}.Release|Any CPU.Build.0 = Release|Any CPU
		{B93C74C2-6A70-4812-B9F4-D91436A0F151}.Debug|Any CPU.ActiveCfg = Debug|Any CPU
		{B93C74C2-6A70-4812-B9F4-D91436A0F151}.Debug|Any CPU.Build.0 = Debug|Any CPU
		{B93C74C2-6A70-4812-B9F4-D91436A0F151}.Release|Any CPU.ActiveCfg = Release|Any CPU
		{B93C74C2-6A70-4812-B9F4-D91436A0F151}.Release|Any CPU.Build.0 = Release|Any CPU
		{4FE668C0-4AAF-475D-8493-547C79A4F44A}.Debug|Any CPU.ActiveCfg = Debug|Any CPU
		{4FE668C0-4AAF-475D-8493-547C79A4F44A}.Debug|Any CPU.Build.0 = Debug|Any CPU
		{4FE668C0-4AAF-475D-8493-547C79A4F44A}.Release|Any CPU.ActiveCfg = Release|Any CPU
		{4FE668C0-4AAF-475D-8493-547C79A4F44A}.Release|Any CPU.Build.0 = Release|Any CPU
		{CA4BDA0B-5655-4528-8455-8AA343C10A53}.Debug|Any CPU.ActiveCfg = Debug|Any CPU
		{CA4BDA0B-5655-4528-8455-8AA343C10A53}.Debug|Any CPU.Build.0 = Debug|Any CPU
		{CA4BDA0B-5655-4528-8455-8AA343C10A53}.Release|Any CPU.ActiveCfg = Release|Any CPU
		{CA4BDA0B-5655-4528-8455-8AA343C10A53}.Release|Any CPU.Build.0 = Release|Any CPU
		{CB15F668-AE03-486B-B97A-C4F3A879C220}.Debug|Any CPU.ActiveCfg = Debug|Any CPU
		{CB15F668-AE03-486B-B97A-C4F3A879C220}.Debug|Any CPU.Build.0 = Debug|Any CPU
		{CB15F668-AE03-486B-B97A-C4F3A879C220}.Release|Any CPU.ActiveCfg = Release|Any CPU
		{CB15F668-AE03-486B-B97A-C4F3A879C220}.Release|Any CPU.Build.0 = Release|Any CPU
		{908CF854-B078-42D4-A32D-AA1D72ED16C6}.Debug|Any CPU.ActiveCfg = Debug|Any CPU
		{908CF854-B078-42D4-A32D-AA1D72ED16C6}.Debug|Any CPU.Build.0 = Debug|Any CPU
		{908CF854-B078-42D4-A32D-AA1D72ED16C6}.Release|Any CPU.ActiveCfg = Release|Any CPU
		{908CF854-B078-42D4-A32D-AA1D72ED16C6}.Release|Any CPU.Build.0 = Release|Any CPU
		{0153BA50-EE97-47B7-9344-D93FBEF4483B}.Debug|Any CPU.ActiveCfg = Debug|Any CPU
		{0153BA50-EE97-47B7-9344-D93FBEF4483B}.Debug|Any CPU.Build.0 = Debug|Any CPU
		{0153BA50-EE97-47B7-9344-D93FBEF4483B}.Release|Any CPU.ActiveCfg = Release|Any CPU
		{0153BA50-EE97-47B7-9344-D93FBEF4483B}.Release|Any CPU.Build.0 = Release|Any CPU
	EndGlobalSection
	GlobalSection(SolutionProperties) = preSolution
		HideSolutionNode = FALSE
	EndGlobalSection
	GlobalSection(NestedProjects) = preSolution
		{BD31E6C9-64A4-40FB-9628-D529979AA61A} = {47DD6144-C298-4A63-949E-6AE036E4E84F}
		{9DA171CC-FE21-4867-8CE7-DE2618A6993D} = {BD31E6C9-64A4-40FB-9628-D529979AA61A}
		{848500A9-989B-46E2-8E6E-38379A5E953B} = {FBE75CAB-9922-4F12-B546-A7271C1516F9}
		{C0E4F935-407D-40EF-A682-ECA62C9184EE} = {47DD6144-C298-4A63-949E-6AE036E4E84F}
		{E96DE45C-FAE6-42B3-A11C-57BEEC30EFB3} = {C0E4F935-407D-40EF-A682-ECA62C9184EE}
		{66FA71CE-B513-4A80-8188-3E306B9E497C} = {C0E4F935-407D-40EF-A682-ECA62C9184EE}
		{5DE5F150-7B67-488F-9575-1AABD0A26550} = {47DD6144-C298-4A63-949E-6AE036E4E84F}
		{AAC85E62-484A-4557-921C-73BA254DB278} = {5DE5F150-7B67-488F-9575-1AABD0A26550}
		{F5F63E43-6230-488B-A5C5-DE07F85D4062} = {5DE5F150-7B67-488F-9575-1AABD0A26550}
		{ED990CB2-7E12-4EDC-B5F1-5E659473054C} = {0433EC57-51A4-4948-BE95-BDDDEFC586BF}
		{674E9667-1334-43F9-8EAE-EE908DD3CF14} = {E3C72DDE-F0EB-47CA-9FBB-0D2743F1C254}
		{1064E9B9-B990-4FBD-A7E7-2489B590F23D} = {E3C72DDE-F0EB-47CA-9FBB-0D2743F1C254}
		{7318FA4B-4B77-440A-9653-86A88437F492} = {E3C72DDE-F0EB-47CA-9FBB-0D2743F1C254}
		{5BE9DE30-87FA-4EF3-9564-E90C98523971} = {674E9667-1334-43F9-8EAE-EE908DD3CF14}
		{EC753258-4037-43BA-A5A1-B673597F8BBF} = {674E9667-1334-43F9-8EAE-EE908DD3CF14}
		{CA357376-1310-4296-84A3-52A8D85721AD} = {1064E9B9-B990-4FBD-A7E7-2489B590F23D}
		{BF13BFF7-A0C3-416F-8ECF-8FF742F6EAB3} = {7318FA4B-4B77-440A-9653-86A88437F492}
		{9C7A638D-FDE0-412E-9F88-24B123628F2F} = {7318FA4B-4B77-440A-9653-86A88437F492}
		{95E77A7D-50B3-405F-81CA-14601F157608} = {5DF9CB16-AFE2-4A11-A064-4403548A2C17}
		{52CCBD4F-6C82-4210-AF5B-DE17FF3C053C} = {A239A0E1-BA5F-4188-A341-95E4B861C75A}
		{E33DCFE1-3285-4CB8-AC54-5AE3AF53A4A2} = {A239A0E1-BA5F-4188-A341-95E4B861C75A}
		{1C6708A6-ABB6-4D09-A0FD-523F53AE5312} = {A239A0E1-BA5F-4188-A341-95E4B861C75A}
		{72895257-ED22-49F3-BB16-01248C551E31} = {1C6708A6-ABB6-4D09-A0FD-523F53AE5312}
		{4601683C-328F-4928-80AE-0EB7ECE8B335} = {1C6708A6-ABB6-4D09-A0FD-523F53AE5312}
		{89D22FDE-B659-451E-9D0B-93F87B604728} = {E33DCFE1-3285-4CB8-AC54-5AE3AF53A4A2}
		{43AD920C-A00C-4636-B94A-6429019689E7} = {52CCBD4F-6C82-4210-AF5B-DE17FF3C053C}
		{B93C74C2-6A70-4812-B9F4-D91436A0F151} = {52CCBD4F-6C82-4210-AF5B-DE17FF3C053C}
		{9C3EFD4C-32A3-475A-B82A-46EA2747CDDA} = {4D862128-AB10-425F-8495-0C7CB1B355F4}
		{B830B597-9C6F-4C3B-8BB3-0A5AA95A3C78} = {4D862128-AB10-425F-8495-0C7CB1B355F4}
		{FAB9D007-E47B-4485-A8AC-D73A033E78BF} = {4D862128-AB10-425F-8495-0C7CB1B355F4}
		{4FE668C0-4AAF-475D-8493-547C79A4F44A} = {FAB9D007-E47B-4485-A8AC-D73A033E78BF}
		{CA4BDA0B-5655-4528-8455-8AA343C10A53} = {FAB9D007-E47B-4485-A8AC-D73A033E78BF}
		{CB15F668-AE03-486B-B97A-C4F3A879C220} = {B830B597-9C6F-4C3B-8BB3-0A5AA95A3C78}
		{908CF854-B078-42D4-A32D-AA1D72ED16C6} = {9C3EFD4C-32A3-475A-B82A-46EA2747CDDA}
		{0153BA50-EE97-47B7-9344-D93FBEF4483B} = {9C3EFD4C-32A3-475A-B82A-46EA2747CDDA}
	EndGlobalSection
	GlobalSection(ExtensibilityGlobals) = postSolution
		SolutionGuid = {99538D7B-0704-4E11-87C0-B2E4D3207AD7}
	EndGlobalSection
EndGlobal
